
Microsoft Visual Studio Solution File, Format Version 12.00
# Visual Studio Version 17
VisualStudioVersion = 17.1.32414.318
MinimumVisualStudioVersion = 10.0.40219.1
Project("{FAE04EC0-301F-11D3-BF4B-00C04F79EFBC}") = "Task2", "tk2\Task2.csproj", "{949CCDD1-6C6C-408A-8BB0-A33A9B65DEC3}"
EndProject
Project("{FAE04EC0-301F-11D3-BF4B-00C04F79EFBC}") = "Task1", "tk1\Task1.csproj", "{AF0214D2-6AE1-49FE-92CB-B82D8D9CC83C}"
EndProject
Project("{FAE04EC0-301F-11D3-BF4B-00C04F79EFBC}") = "Task3", "tk3\Task3.csproj", "{EF04E8A2-AE87-4C1E-A69F-753A93BDD418}"
EndProject
Project("{FAE04EC0-301F-11D3-BF4B-00C04F79EFBC}") = "Task4", "tk4\Task4.csproj", "{A8DFA10B-498E-4BE5-AFA1-C703D6767379}"
EndProject
Project("{FAE04EC0-301F-11D3-BF4B-00C04F79EFBC}") = "ConnectBD", "ConnectBDd\ConnectBD.csproj", "{AF1E82C1-359B-453B-BF3A-19DA322C2080}"
EndProject
Global
	GlobalSection(SolutionConfigurationPlatforms) = preSolution
		Debug|Any CPU = Debug|Any CPU
		Release|Any CPU = Release|Any CPU
	EndGlobalSection
	GlobalSection(ProjectConfigurationPlatforms) = postSolution
		{949CCDD1-6C6C-408A-8BB0-A33A9B65DEC3}.Debug|Any CPU.ActiveCfg = Debug|Any CPU
		{949CCDD1-6C6C-408A-8BB0-A33A9B65DEC3}.Debug|Any CPU.Build.0 = Debug|Any CPU
		{949CCDD1-6C6C-408A-8BB0-A33A9B65DEC3}.Release|Any CPU.ActiveCfg = Release|Any CPU
		{949CCDD1-6C6C-408A-8BB0-A33A9B65DEC3}.Release|Any CPU.Build.0 = Release|Any CPU
		{AF0214D2-6AE1-49FE-92CB-B82D8D9CC83C}.Debug|Any CPU.ActiveCfg = Debug|Any CPU
		{AF0214D2-6AE1-49FE-92CB-B82D8D9CC83C}.Debug|Any CPU.Build.0 = Debug|Any CPU
		{AF0214D2-6AE1-49FE-92CB-B82D8D9CC83C}.Release|Any CPU.ActiveCfg = Release|Any CPU
		{AF0214D2-6AE1-49FE-92CB-B82D8D9CC83C}.Release|Any CPU.Build.0 = Release|Any CPU
		{EF04E8A2-AE87-4C1E-A69F-753A93BDD418}.Debug|Any CPU.ActiveCfg = Debug|Any CPU
		{EF04E8A2-AE87-4C1E-A69F-753A93BDD418}.Debug|Any CPU.Build.0 = Debug|Any CPU
		{EF04E8A2-AE87-4C1E-A69F-753A93BDD418}.Release|Any CPU.ActiveCfg = Release|Any CPU
		{EF04E8A2-AE87-4C1E-A69F-753A93BDD418}.Release|Any CPU.Build.0 = Release|Any CPU
		{A8DFA10B-498E-4BE5-AFA1-C703D6767379}.Debug|Any CPU.ActiveCfg = Debug|Any CPU
		{A8DFA10B-498E-4BE5-AFA1-C703D6767379}.Debug|Any CPU.Build.0 = Debug|Any CPU
		{A8DFA10B-498E-4BE5-AFA1-C703D6767379}.Release|Any CPU.ActiveCfg = Release|Any CPU
		{A8DFA10B-498E-4BE5-AFA1-C703D6767379}.Release|Any CPU.Build.0 = Release|Any CPU
		{AF1E82C1-359B-453B-BF3A-19DA322C2080}.Debug|Any CPU.ActiveCfg = Debug|Any CPU
		{AF1E82C1-359B-453B-BF3A-19DA322C2080}.Debug|Any CPU.Build.0 = Debug|Any CPU
		{AF1E82C1-359B-453B-BF3A-19DA322C2080}.Release|Any CPU.ActiveCfg = Release|Any CPU
		{AF1E82C1-359B-453B-BF3A-19DA322C2080}.Release|Any CPU.Build.0 = Release|Any CPU
	EndGlobalSection
	GlobalSection(SolutionProperties) = preSolution
		HideSolutionNode = FALSE
	EndGlobalSection
	GlobalSection(ExtensibilityGlobals) = postSolution
		SolutionGuid = {8EAF24E0-D69F-4AD3-80A2-DF651B199243}
	EndGlobalSection
EndGlobal
